// !$*UTF8*$!
{
	archiveVersion = 1;
	classes = {
	};
	objectVersion = 48;
	objects = {

/* Begin PBXBuildFile section */
		BD2ACAD21F7C71FA00D42854 /* AppDelegate.swift in Sources */ = {isa = PBXBuildFile; fileRef = BD2ACAD11F7C71FA00D42854 /* AppDelegate.swift */; };
		BD2ACAD41F7C71FA00D42854 /* ViewController.swift in Sources */ = {isa = PBXBuildFile; fileRef = BD2ACAD31F7C71FA00D42854 /* ViewController.swift */; };
		BD2ACAD71F7C71FA00D42854 /* Main.storyboard in Resources */ = {isa = PBXBuildFile; fileRef = BD2ACAD51F7C71FA00D42854 /* Main.storyboard */; };
		BD2ACAD91F7C71FA00D42854 /* Assets.xcassets in Resources */ = {isa = PBXBuildFile; fileRef = BD2ACAD81F7C71FA00D42854 /* Assets.xcassets */; };
		BD2ACADC1F7C71FA00D42854 /* LaunchScreen.storyboard in Resources */ = {isa = PBXBuildFile; fileRef = BD2ACADA1F7C71FA00D42854 /* LaunchScreen.storyboard */; };
		BD2ACAEA1F7CAC4900D42854 /* Localizable.strings in Resources */ = {isa = PBXBuildFile; fileRef = BD2ACAEC1F7CAC4900D42854 /* Localizable.strings */; };
/* End PBXBuildFile section */

/* Begin PBXFileReference section */
		BD2ACACE1F7C71FA00D42854 /* LocalizationExample.app */ = {isa = PBXFileReference; explicitFileType = wrapper.application; includeInIndex = 0; path = LocalizationExample.app; sourceTree = BUILT_PRODUCTS_DIR; };
		BD2ACAD11F7C71FA00D42854 /* AppDelegate.swift */ = {isa = PBXFileReference; lastKnownFileType = sourcecode.swift; path = AppDelegate.swift; sourceTree = "<group>"; };
		BD2ACAD31F7C71FA00D42854 /* ViewController.swift */ = {isa = PBXFileReference; lastKnownFileType = sourcecode.swift; path = ViewController.swift; sourceTree = "<group>"; };
		BD2ACAD61F7C71FA00D42854 /* Base */ = {isa = PBXFileReference; lastKnownFileType = file.storyboard; name = Base; path = Base.lproj/Main.storyboard; sourceTree = "<group>"; };
		BD2ACAD81F7C71FA00D42854 /* Assets.xcassets */ = {isa = PBXFileReference; lastKnownFileType = folder.assetcatalog; path = Assets.xcassets; sourceTree = "<group>"; };
		BD2ACADB1F7C71FA00D42854 /* Base */ = {isa = PBXFileReference; lastKnownFileType = file.storyboard; name = Base; path = Base.lproj/LaunchScreen.storyboard; sourceTree = "<group>"; };
		BD2ACADD1F7C71FA00D42854 /* Info.plist */ = {isa = PBXFileReference; lastKnownFileType = text.plist.xml; path = Info.plist; sourceTree = "<group>"; };
		BD2ACAE31F7C8C2400D42854 /* ko */ = {isa = PBXFileReference; lastKnownFileType = text.plist.strings; name = ko; path = ko.lproj/Main.strings; sourceTree = "<group>"; };
		BD2ACAE41F7C8C2400D42854 /* ko */ = {isa = PBXFileReference; lastKnownFileType = text.plist.strings; name = ko; path = ko.lproj/LaunchScreen.strings; sourceTree = "<group>"; };
		BD2ACAE51F7C96C700D42854 /* ja */ = {isa = PBXFileReference; lastKnownFileType = text.plist.strings; name = ja; path = ja.lproj/Main.strings; sourceTree = "<group>"; };
		BD2ACAE61F7C96C700D42854 /* ja */ = {isa = PBXFileReference; lastKnownFileType = text.plist.strings; name = ja; path = ja.lproj/LaunchScreen.strings; sourceTree = "<group>"; };
		BD2ACAE91F7CAAFB00D42854 /* README.md */ = {isa = PBXFileReference; lastKnownFileType = net.daringfireball.markdown; path = README.md; sourceTree = "<group>"; };
		BD2ACAEB1F7CAC4900D42854 /* en */ = {isa = PBXFileReference; lastKnownFileType = text.plist.strings; name = en; path = en.lproj/Localizable.strings; sourceTree = "<group>"; };
		BD2ACAEE1F7CAC6400D42854 /* ko */ = {isa = PBXFileReference; lastKnownFileType = text.plist.strings; name = ko; path = ko.lproj/Localizable.strings; sourceTree = "<group>"; };
/* End PBXFileReference section */

/* Begin PBXFrameworksBuildPhase section */
		BD2ACACB1F7C71FA00D42854 /* Frameworks */ = {
			isa = PBXFrameworksBuildPhase;
			buildActionMask = 2147483647;
			files = (
			);
			runOnlyForDeploymentPostprocessing = 0;
		};
/* End PBXFrameworksBuildPhase section */

/* Begin PBXGroup section */
		BD2ACAC51F7C71FA00D42854 = {
			isa = PBXGroup;
			children = (
				BD2ACAD01F7C71FA00D42854 /* LocalizationExample */,
				BD2ACACF1F7C71FA00D42854 /* Products */,
			);
			sourceTree = "<group>";
		};
		BD2ACACF1F7C71FA00D42854 /* Products */ = {
			isa = PBXGroup;
			children = (
				BD2ACACE1F7C71FA00D42854 /* LocalizationExample.app */,
			);
			name = Products;
			sourceTree = "<group>";
		};
		BD2ACAD01F7C71FA00D42854 /* LocalizationExample */ = {
			isa = PBXGroup;
			children = (
				BD2ACAD11F7C71FA00D42854 /* AppDelegate.swift */,
				BD2ACAD31F7C71FA00D42854 /* ViewController.swift */,
				BD2ACAD51F7C71FA00D42854 /* Main.storyboard */,
				BD2ACAD81F7C71FA00D42854 /* Assets.xcassets */,
				BD2ACADA1F7C71FA00D42854 /* LaunchScreen.storyboard */,
				BD2ACADD1F7C71FA00D42854 /* Info.plist */,
				BD2ACAEC1F7CAC4900D42854 /* Localizable.strings */,
				BD2ACAE91F7CAAFB00D42854 /* README.md */,
			);
			path = LocalizationExample;
			sourceTree = "<group>";
		};
/* End PBXGroup section */

/* Begin PBXNativeTarget section */
		BD2ACACD1F7C71FA00D42854 /* LocalizationExample */ = {
			isa = PBXNativeTarget;
			buildConfigurationList = BD2ACAE01F7C71FA00D42854 /* Build configuration list for PBXNativeTarget "LocalizationExample" */;
			buildPhases = (
				BD2ACACA1F7C71FA00D42854 /* Sources */,
				BD2ACACB1F7C71FA00D42854 /* Frameworks */,
				BD2ACACC1F7C71FA00D42854 /* Resources */,
			);
			buildRules = (
			);
			dependencies = (
			);
			name = LocalizationExample;
			productName = LocalizationExample;
			productReference = BD2ACACE1F7C71FA00D42854 /* LocalizationExample.app */;
			productType = "com.apple.product-type.application";
		};
/* End PBXNativeTarget section */

/* Begin PBXProject section */
		BD2ACAC61F7C71FA00D42854 /* Project object */ = {
			isa = PBXProject;
			attributes = {
				LastSwiftUpdateCheck = 0900;
				LastUpgradeCheck = 0900;
				ORGANIZATIONNAME = "Ted Kim";
				TargetAttributes = {
					BD2ACACD1F7C71FA00D42854 = {
						CreatedOnToolsVersion = 9.0;
						ProvisioningStyle = Automatic;
					};
				};
			};
			buildConfigurationList = BD2ACAC91F7C71FA00D42854 /* Build configuration list for PBXProject "LocalizationExample" */;
			compatibilityVersion = "Xcode 8.0";
			developmentRegion = en;
			hasScannedForEncodings = 0;
			knownRegions = (
				en,
				Base,
				ko,
			);
			mainGroup = BD2ACAC51F7C71FA00D42854;
			productRefGroup = BD2ACACF1F7C71FA00D42854 /* Products */;
			projectDirPath = "";
			projectRoot = "";
			targets = (
				BD2ACACD1F7C71FA00D42854 /* LocalizationExample */,
			);
		};
/* End PBXProject section */

/* Begin PBXResourcesBuildPhase section */
		BD2ACACC1F7C71FA00D42854 /* Resources */ = {
			isa = PBXResourcesBuildPhase;
			buildActionMask = 2147483647;
			files = (
				BD2ACADC1F7C71FA00D42854 /* LaunchScreen.storyboard in Resources */,
				BD2ACAEA1F7CAC4900D42854 /* Localizable.strings in Resources */,
				BD2ACAD91F7C71FA00D42854 /* Assets.xcassets in Resources */,
				BD2ACAD71F7C71FA00D42854 /* Main.storyboard in Resources */,
			);
			runOnlyForDeploymentPostprocessing = 0;
		};
/* End PBXResourcesBuildPhase section */

/* Begin PBXSourcesBuildPhase section */
		BD2ACACA1F7C71FA00D42854 /* Sources */ = {
			isa = PBXSourcesBuildPhase;
			buildActionMask = 2147483647;
			files = (
				BD2ACAD41F7C71FA00D42854 /* ViewController.swift in Sources */,
				BD2ACAD21F7C71FA00D42854 /* AppDelegate.swift in Sources */,
			);
			runOnlyForDeploymentPostprocessing = 0;
		};
/* End PBXSourcesBuildPhase section */

/* Begin PBXVariantGroup section */
		BD2ACAD51F7C71FA00D42854 /* Main.storyboard */ = {
			isa = PBXVariantGroup;
			children = (
				BD2ACAD61F7C71FA00D42854 /* Base */,
				BD2ACAE31F7C8C2400D42854 /* ko */,
				BD2ACAE51F7C96C700D42854 /* ja */,
			);
			name = Main.storyboard;
			sourceTree = "<group>";
		};
		BD2ACADA1F7C71FA00D42854 /* LaunchScreen.storyboard */ = {
			isa = PBXVariantGroup;
			children = (
				BD2ACADB1F7C71FA00D42854 /* Base */,
				BD2ACAE41F7C8C2400D42854 /* ko */,
				BD2ACAE61F7C96C700D42854 /* ja */,
			);
			name = LaunchScreen.storyboard;
			sourceTree = "<group>";
		};
		BD2ACAEC1F7CAC4900D42854 /* Localizable.strings */ = {
			isa = PBXVariantGroup;
			children = (
				BD2ACAEB1F7CAC4900D42854 /* en */,
				BD2ACAEE1F7CAC6400D42854 /* ko */,
			);
			name = Localizable.strings;
			sourceTree = "<group>";
		};
/* End PBXVariantGroup section */

/* Begin XCBuildConfiguration section */
		BD2ACADE1F7C71FA00D42854 /* Debug */ = {
			isa = XCBuildConfiguration;
			buildSettings = {
				ALWAYS_SEARCH_USER_PATHS = NO;
				CLANG_ANALYZER_LOCALIZABILITY_NONLOCALIZED = YES;
				CLANG_ANALYZER_NONNULL = YES;
				CLANG_ANALYZER_NUMBER_OBJECT_CONVERSION = YES_AGGRESSIVE;
				CLANG_CXX_LANGUAGE_STANDARD = "gnu++14";
				CLANG_CXX_LIBRARY = "libc++";
				CLANG_ENABLE_MODULES = YES;
				CLANG_ENABLE_OBJC_ARC = YES;
				CLANG_WARN_BLOCK_CAPTURE_AUTORELEASING = YES;
				CLANG_WARN_BOOL_CONVERSION = YES;
				CLANG_WARN_COMMA = YES;
				CLANG_WARN_CONSTANT_CONVERSION = YES;
				CLANG_WARN_DIRECT_OBJC_ISA_USAGE = YES_ERROR;
				CLANG_WARN_DOCUMENTATION_COMMENTS = YES;
				CLANG_WARN_EMPTY_BODY = YES;
				CLANG_WARN_ENUM_CONVERSION = YES;
				CLANG_WARN_INFINITE_RECURSION = YES;
				CLANG_WARN_INT_CONVERSION = YES;
				CLANG_WARN_NON_LITERAL_NULL_CONVERSION = YES;
				CLANG_WARN_OBJC_LITERAL_CONVERSION = YES;
				CLANG_WARN_OBJC_ROOT_CLASS = YES_ERROR;
				CLANG_WARN_RANGE_LOOP_ANALYSIS = YES;
				CLANG_WARN_STRICT_PROTOTYPES = YES;
				CLANG_WARN_SUSPICIOUS_MOVE = YES;
				CLANG_WARN_UNGUARDED_AVAILABILITY = YES_AGGRESSIVE;
				CLANG_WARN_UNREACHABLE_CODE = YES;
				CLANG_WARN__DUPLICATE_METHOD_MATCH = YES;
				CODE_SIGN_IDENTITY = "iPhone Developer";
				COPY_PHASE_STRIP = NO;
				DEBUG_INFORMATION_FORMAT = dwarf;
				ENABLE_STRICT_OBJC_MSGSEND = YES;
				ENABLE_TESTABILITY = YES;
				GCC_C_LANGUAGE_STANDARD = gnu11;
				GCC_DYNAMIC_NO_PIC = NO;
				GCC_NO_COMMON_BLOCKS = YES;
				GCC_OPTIMIZATION_LEVEL = 0;
				GCC_PREPROCESSOR_DEFINITIONS = (
					"DEBUG=1",
					"$(inherited)",
				);
				GCC_WARN_64_TO_32_BIT_CONVERSION = YES;
				GCC_WARN_ABOUT_RETURN_TYPE = YES_ERROR;
				GCC_WARN_UNDECLARED_SELECTOR = YES;
				GCC_WARN_UNINITIALIZED_AUTOS = YES_AGGRESSIVE;
				GCC_WARN_UNUSED_FUNCTION = YES;
				GCC_WARN_UNUSED_VARIABLE = YES;
				IPHONEOS_DEPLOYMENT_TARGET = 11.0;
				MTL_ENABLE_DEBUG_INFO = YES;
				ONLY_ACTIVE_ARCH = YES;
				SDKROOT = iphoneos;
				SWIFT_ACTIVE_COMPILATION_CONDITIONS = DEBUG;
				SWIFT_OPTIMIZATION_LEVEL = "-Onone";
			};
			name = Debug;
		};
		BD2ACADF1F7C71FA00D42854 /* Release */ = {
			isa = XCBuildConfiguration;
			buildSettings = {
				ALWAYS_SEARCH_USER_PATHS = NO;
				CLANG_ANALYZER_LOCALIZABILITY_NONLOCALIZED = YES;
				CLANG_ANALYZER_NONNULL = YES;
				CLANG_ANALYZER_NUMBER_OBJECT_CONVERSION = YES_AGGRESSIVE;
				CLANG_CXX_LANGUAGE_STANDARD = "gnu++14";
				CLANG_CXX_LIBRARY = "libc++";
				CLANG_ENABLE_MODULES = YES;
				CLANG_ENABLE_OBJC_ARC = YES;
				CLANG_WARN_BLOCK_CAPTURE_AUTORELEASING = YES;
				CLANG_WARN_BOOL_CONVERSION = YES;
				CLANG_WARN_COMMA = YES;
				CLANG_WARN_CONSTANT_CONVERSION = YES;
				CLANG_WARN_DIRECT_OBJC_ISA_USAGE = YES_ERROR;
				CLANG_WARN_DOCUMENTATION_COMMENTS = YES;
				CLANG_WARN_EMPTY_BODY = YES;
				CLANG_WARN_ENUM_CONVERSION = YES;
				CLANG_WARN_INFINITE_RECURSION = YES;
				CLANG_WARN_INT_CONVERSION = YES;
				CLANG_WARN_NON_LITERAL_NULL_CONVERSION = YES;
				CLANG_WARN_OBJC_LITERAL_CONVERSION = YES;
				CLANG_WARN_OBJC_ROOT_CLASS = YES_ERROR;
				CLANG_WARN_RANGE_LOOP_ANALYSIS = YES;
				CLANG_WARN_STRICT_PROTOTYPES = YES;
				CLANG_WARN_SUSPICIOUS_MOVE = YES;
				CLANG_WARN_UNGUARDED_AVAILABILITY = YES_AGGRESSIVE;
				CLANG_WARN_UNREACHABLE_CODE = YES;
				CLANG_WARN__DUPLICATE_METHOD_MATCH = YES;
				CODE_SIGN_IDENTITY = "iPhone Developer";
				COPY_PHASE_STRIP = NO;
				DEBUG_INFORMATION_FORMAT = "dwarf-with-dsym";
				ENABLE_NS_ASSERTIONS = NO;
				ENABLE_STRICT_OBJC_MSGSEND = YES;
				GCC_C_LANGUAGE_STANDARD = gnu11;
				GCC_NO_COMMON_BLOCKS = YES;
				GCC_WARN_64_TO_32_BIT_CONVERSION = YES;
				GCC_WARN_ABOUT_RETURN_TYPE = YES_ERROR;
				GCC_WARN_UNDECLARED_SELECTOR = YES;
				GCC_WARN_UNINITIALIZED_AUTOS = YES_AGGRESSIVE;
				GCC_WARN_UNUSED_FUNCTION = YES;
				GCC_WARN_UNUSED_VARIABLE = YES;
				IPHONEOS_DEPLOYMENT_TARGET = 11.0;
				MTL_ENABLE_DEBUG_INFO = NO;
				SDKROOT = iphoneos;
				SWIFT_OPTIMIZATION_LEVEL = "-Owholemodule";
				VALIDATE_PRODUCT = YES;
			};
			name = Release;
		};
		BD2ACAE11F7C71FA00D42854 /* Debug */ = {
			isa = XCBuildConfiguration;
			buildSettings = {
				ASSETCATALOG_COMPILER_APPICON_NAME = AppIcon;
				CODE_SIGN_STYLE = Automatic;
				INFOPLIST_FILE = LocalizationExample/Info.plist;
				LD_RUNPATH_SEARCH_PATHS = "$(inherited) @executable_path/Frameworks";
				PRODUCT_BUNDLE_IDENTIFIER = com.aney00.LocalizationExample;
				PRODUCT_NAME = "$(TARGET_NAME)";
				SWIFT_VERSION = 4.0;
				TARGETED_DEVICE_FAMILY = "1,2";
			};
			name = Debug;
		};
		BD2ACAE21F7C71FA00D42854 /* Release */ = {
			isa = XCBuildConfiguration;
			buildSettings = {
				ASSETCATALOG_COMPILER_APPICON_NAME = AppIcon;
				CODE_SIGN_STYLE = Automatic;
				INFOPLIST_FILE = LocalizationExample/Info.plist;
				LD_RUNPATH_SEARCH_PATHS = "$(inherited) @executable_path/Frameworks";
				PRODUCT_BUNDLE_IDENTIFIER = com.aney00.LocalizationExample;
				PRODUCT_NAME = "$(TARGET_NAME)";
				SWIFT_VERSION = 4.0;
				TARGETED_DEVICE_FAMILY = "1,2";
			};
			name = Release;
		};
/* End XCBuildConfiguration section */

/* Begin XCConfigurationList section */
		BD2ACAC91F7C71FA00D42854 /* Build configuration list for PBXProject "LocalizationExample" */ = {
			isa = XCConfigurationList;
			buildConfigurations = (
				BD2ACADE1F7C71FA00D42854 /* Debug */,
				BD2ACADF1F7C71FA00D42854 /* Release */,
			);
			defaultConfigurationIsVisible = 0;
			defaultConfigurationName = Release;
		};
		BD2ACAE01F7C71FA00D42854 /* Build configuration list for PBXNativeTarget "LocalizationExample" */ = {
			isa = XCConfigurationList;
			buildConfigurations = (
				BD2ACAE11F7C71FA00D42854 /* Debug */,
				BD2ACAE21F7C71FA00D42854 /* Release */,
			);
			defaultConfigurationIsVisible = 0;
			defaultConfigurationName = Release;
		};
/* End XCConfigurationList section */
	};
	rootObject = BD2ACAC61F7C71FA00D42854 /* Project object */;
}
